{
  "name": "bus-ticket-backend",
  "version": "1.0.0",
  "lockfileVersion": 3,
  "requires": true,
  "packages": {
    "": {
      "name": "bus-ticket-backend",
      "version": "1.0.0",
      "license": "ISC",
      "workspaces": [
        "api-gateway",
        "trip-service",
        "seat-service",
        "booking-service",
        "payment-service",
        "admin-service",
        "chatbot-service",
        "mcp-server",
        "analytics-consumer",
        "ticket-worker",
        "notification-worker",
        "packages/*"
      ]
    },
    "admin-service": {
      "version": "1.0.0"
    },
    "analytics-consumer": {
      "version": "1.0.0"
    },
    "api-gateway": {
      "version": "1.0.0"
    },
    "booking-service": {
      "version": "1.0.0"
    },
    "chatbot-service": {
      "version": "1.0.0"
    },
    "mcp-server": {
      "version": "1.0.0"
    },
    "node_modules/admin-service": {
      "resolved": "admin-service",
      "link": true
    },
    "node_modules/analytics-consumer": {
      "resolved": "analytics-consumer",
      "link": true
    },
    "node_modules/api-gateway": {
      "resolved": "api-gateway",
      "link": true
    },
    "node_modules/booking-service": {
      "resolved": "booking-service",
      "link": true
    },
    "node_modules/chatbot-service": {
      "resolved": "chatbot-service",
      "link": true
    },
    "node_modules/mcp-server": {
      "resolved": "mcp-server",
      "link": true
    },
    "node_modules/notification-worker": {
      "resolved": "notification-worker",
      "link": true
    },
    "node_modules/packages-common-utils": {
      "resolved": "packages/common-utils",
      "link": true
    },
    "node_modules/packages-event-schemas": {
      "resolved": "packages/event-schemas",
      "link": true
    },
    "node_modules/payment-service": {
      "resolved": "payment-service",
      "link": true
    },
    "node_modules/seat-service": {
      "resolved": "seat-service",
      "link": true
    },
    "node_modules/ticket-worker": {
      "resolved": "ticket-worker",
      "link": true
    },
    "node_modules/trip-service": {
      "resolved": "trip-service",
      "link": true
    },
    "notification-worker": {
      "version": "1.0.0"
    },
    "packages/common-utils": {
      "name": "packages-common-utils",
      "version": "1.0.0"
    },
    "packages/event-schemas": {
      "name": "packages-event-schemas",
      "version": "1.0.0"
    },
    "payment-service": {
      "version": "1.0.0"
    },
    "seat-service": {
      "version": "1.0.0"
    },
    "ticket-worker": {
      "version": "1.0.0"
    },
    "trip-service": {
      "version": "1.0.0"
    }
  }
}
